
Microsoft Visual Studio Solution File, Format Version 11.00
# Visual Studio 2010
Project("{FAE04EC0-301F-11D3-BF4B-00C04F79EFBC}") = "BehaviorDesignerRuntime", "BehaviorDesignerRuntime\BehaviorDesignerRuntime.csproj", "{FDE7FBBB-F112-4670-84F3-CEB2ECDE6AA1}"
EndProject
Global
	GlobalSection(SolutionConfigurationPlatforms) = preSolution
		Debug|Any CPU = Debug|Any CPU
		Release|Any CPU = Release|Any CPU
	EndGlobalSection
	GlobalSection(ProjectConfigurationPlatforms) = postSolution
		{FDE7FBBB-F112-4670-84F3-CEB2ECDE6AA1}.Debug|Any CPU.ActiveCfg = Debug|Any CPU
		{FDE7FBBB-F112-4670-84F3-CEB2ECDE6AA1}.Debug|Any CPU.Build.0 = Debug|Any CPU
		{FDE7FBBB-F112-4670-84F3-CEB2ECDE6AA1}.Release|Any CPU.ActiveCfg = Release|Any CPU
		{FDE7FBBB-F112-4670-84F3-CEB2ECDE6AA1}.Release|Any CPU.Build.0 = Release|Any CPU
	EndGlobalSection
	GlobalSection(SolutionProperties) = preSolution
		HideSolutionNode = FALSE
	EndGlobalSection
EndGlobal
