
Microsoft Visual Studio Solution File, Format Version 12.00
# Visual Studio 15
Project("{FAE04EC0-301F-11D3-BF4B-00C04F79EFBC}") = "BehaviorDesigner", "BehaviorDesigner.csproj", "{68B6AA55-41EE-C91C-362E-C8B16D487878}"
EndProject
Project("{FAE04EC0-301F-11D3-BF4B-00C04F79EFBC}") = "BehaviorDesigner.Editor", "BehaviorDesigner.Editor.csproj", "{47D81FEA-4317-CC03-6B4A-6CC312EC9012}"
EndProject
Global
	GlobalSection(SolutionConfigurationPlatforms) = preSolution
		Debug|Any CPU = Debug|Any CPU
		Release|Any CPU = Release|Any CPU
	EndGlobalSection
	GlobalSection(ProjectConfigurationPlatforms) = postSolution
		{68B6AA55-41EE-C91C-362E-C8B16D487878}.Debug|Any CPU.ActiveCfg = Debug|Any CPU
		{68B6AA55-41EE-C91C-362E-C8B16D487878}.Debug|Any CPU.Build.0 = Debug|Any CPU
		{68B6AA55-41EE-C91C-362E-C8B16D487878}.Release|Any CPU.ActiveCfg = Release|Any CPU
		{68B6AA55-41EE-C91C-362E-C8B16D487878}.Release|Any CPU.Build.0 = Release|Any CPU
		{47D81FEA-4317-CC03-6B4A-6CC312EC9012}.Debug|Any CPU.ActiveCfg = Debug|Any CPU
		{47D81FEA-4317-CC03-6B4A-6CC312EC9012}.Debug|Any CPU.Build.0 = Debug|Any CPU
		{47D81FEA-4317-CC03-6B4A-6CC312EC9012}.Release|Any CPU.ActiveCfg = Release|Any CPU
		{47D81FEA-4317-CC03-6B4A-6CC312EC9012}.Release|Any CPU.Build.0 = Release|Any CPU
	EndGlobalSection
	GlobalSection(SolutionProperties) = preSolution
		HideSolutionNode = FALSE
	EndGlobalSection
EndGlobal
